// !$*UTF8*$!
{
	archiveVersion = 1;
	classes = {
	};
	objectVersion = 42;
	objects = {

/* Begin PBXAggregateTarget section */
		0CAE8F3309A550DE00BE130B /* all */ = {
			isa = PBXAggregateTarget;
			buildConfigurationList = 0CAE8F4209A550DE00BE130B /* Build configuration list for PBXAggregateTarget "all" */;
			buildPhases = (
				054CDB300A1E79FA00374278 /* ShellScript */,
			);
			dependencies = (
				0CAE8FC009A550DE00BE130B /* PBXTargetDependency */,
				0CAE8FC209A550DE00BE130B /* PBXTargetDependency */,
				0CAE8FC409A550DE00BE130B /* PBXTargetDependency */,
				0CAE8FC609A550DE00BE130B /* PBXTargetDependency */,
				0CAE8FC809A550DE00BE130B /* PBXTargetDependency */,
				0CAE8FCA09A550DE00BE130B /* PBXTargetDependency */,
				0CAE8FCC09A550DE00BE130B /* PBXTargetDependency */,
			);
			name = all;
			productName = all;
		};
/* End PBXAggregateTarget section */

/* Begin PBXBuildFile section */
		05B20C4609D37D44006C22E3 /* fat_util.h in Headers */ = {isa = PBXBuildFile; fileRef = 05B20C4509D37D44006C22E3 /* fat_util.h */; };
		05B20C4809D37D4E006C22E3 /* fat_util.c in Sources */ = {isa = PBXBuildFile; fileRef = 05B20C4709D37D4E006C22E3 /* fat_util.c */; };
		05B20C4D09D37D5B006C22E3 /* macho_util.c in Sources */ = {isa = PBXBuildFile; fileRef = 05B20C4909D37D5B006C22E3 /* macho_util.c */; };
		05B20C4E09D37D5B006C22E3 /* macho_util.h in Headers */ = {isa = PBXBuildFile; fileRef = 05B20C4A09D37D5B006C22E3 /* macho_util.h */; };
		05B20C4F09D37D5B006C22E3 /* mkext_util.c in Sources */ = {isa = PBXBuildFile; fileRef = 05B20C4B09D37D5B006C22E3 /* mkext_util.c */; };
		05B20C5009D37D5B006C22E3 /* mkext_util.h in Headers */ = {isa = PBXBuildFile; fileRef = 05B20C4C09D37D5B006C22E3 /* mkext_util.h */; };
		05E752750A5C7BB700F68559 /* libAppleRAID.a in Frameworks */ = {isa = PBXBuildFile; fileRef = 05E752740A5C7BB700F68559 /* libAppleRAID.a */; };
		0C2FC06B09D228AE00EFA15B /* bootcaches.plist in CopyFiles */ = {isa = PBXBuildFile; fileRef = 0CFA03A809BFBEA300823D39 /* bootcaches.plist */; };
		0C2FC0C909D36EDE00EFA15B /* bootroot.c in Sources */ = {isa = PBXBuildFile; fileRef = 0C2FC0C709D36EDE00EFA15B /* bootroot.c */; };
		0C2FC0CA09D36EDE00EFA15B /* bootroot.h in Headers */ = {isa = PBXBuildFile; fileRef = 0C2FC0C809D36EDE00EFA15B /* bootroot.h */; };
		0C78910E09F71DC30016433F /* bootroot.h in Headers */ = {isa = PBXBuildFile; fileRef = 0C2FC0C809D36EDE00EFA15B /* bootroot.h */; };
		0C78911109F71DC90016433F /* bootroot.c in Sources */ = {isa = PBXBuildFile; fileRef = 0C2FC0C709D36EDE00EFA15B /* bootroot.c */; };
		0C78911909F71EFC0016433F /* logging.c in Sources */ = {isa = PBXBuildFile; fileRef = 1492D1A801E53D0502CA2A87 /* logging.c */; };
		0C78911C09F71F060016433F /* logging.h in Headers */ = {isa = PBXBuildFile; fileRef = 1492D1A901E53D0502CA2A87 /* logging.h */; };
		0C7891DE0A0083720016433F /* fat_util.c in Sources */ = {isa = PBXBuildFile; fileRef = 05B20C4709D37D4E006C22E3 /* fat_util.c */; };
		0C7891E10A00837E0016433F /* fat_util.h in Headers */ = {isa = PBXBuildFile; fileRef = 05B20C4509D37D44006C22E3 /* fat_util.h */; };
		0C7891E60A0083BE0016433F /* macho_util.c in Sources */ = {isa = PBXBuildFile; fileRef = 05B20C4909D37D5B006C22E3 /* macho_util.c */; };
		0C7891E90A0083C10016433F /* macho_util.h in Headers */ = {isa = PBXBuildFile; fileRef = 05B20C4A09D37D5B006C22E3 /* macho_util.h */; };
		0C7891EC0A009D6C0016433F /* logging.c in Sources */ = {isa = PBXBuildFile; fileRef = 1492D1A801E53D0502CA2A87 /* logging.c */; };
		0C87DE780A51275500B5904C /* libbless.a in Frameworks */ = {isa = PBXBuildFile; fileRef = 0C8A3F110A4A034A00D5CA1C /* libbless.a */; };
		0C8A3EEB0A38E3D800D5CA1C /* update_boot.c in Sources */ = {isa = PBXBuildFile; fileRef = 0C8A3EE90A38E3D800D5CA1C /* update_boot.c */; };
		0C8A3EEC0A38E3D800D5CA1C /* update_boot.h in Headers */ = {isa = PBXBuildFile; fileRef = 0C8A3EEA0A38E3D800D5CA1C /* update_boot.h */; };
		0C8A3F010A438AAF00D5CA1C /* safecalls.c in Sources */ = {isa = PBXBuildFile; fileRef = 0C8A3EFF0A438AAF00D5CA1C /* safecalls.c */; };
		0C8A3F020A438AAF00D5CA1C /* safecalls.h in Headers */ = {isa = PBXBuildFile; fileRef = 0C8A3F000A438AAF00D5CA1C /* safecalls.h */; };
		0C8A3F030A438AAF00D5CA1C /* safecalls.c in Sources */ = {isa = PBXBuildFile; fileRef = 0C8A3EFF0A438AAF00D5CA1C /* safecalls.c */; };
		0C8A3F040A438AAF00D5CA1C /* safecalls.h in Headers */ = {isa = PBXBuildFile; fileRef = 0C8A3F000A438AAF00D5CA1C /* safecalls.h */; };
		0C8A3F100A4A031500D5CA1C /* DiskArbitration.framework in Frameworks */ = {isa = PBXBuildFile; fileRef = 0CFA03AE09C5015200823D39 /* DiskArbitration.framework */; };
		0C8A3F120A4A034A00D5CA1C /* libbless.a in Frameworks */ = {isa = PBXBuildFile; fileRef = 0C8A3F110A4A034A00D5CA1C /* libbless.a */; };
		0CAE8F4909A550DE00BE130B /* kextcache_main.c in Sources */ = {isa = PBXBuildFile; fileRef = 14A199C601EB7C6E02CA2A87 /* kextcache_main.c */; };
		0CAE8F4A09A550DE00BE130B /* compression.c in Sources */ = {isa = PBXBuildFile; fileRef = 14DA20A701EE680802CA2A87 /* compression.c */; };
		0CAE8F4B09A550DE00BE130B /* arch.c in Sources */ = {isa = PBXBuildFile; fileRef = 14DA20A901EE682802CA2A87 /* arch.c */; };
		0CAE8F4C09A550DE00BE130B /* mkext_file.c in Sources */ = {isa = PBXBuildFile; fileRef = 14FEF92B025BBA6E02CA28EB /* mkext_file.c */; };
		0CAE8F4D09A550DE00BE130B /* prelink.c in Sources */ = {isa = PBXBuildFile; fileRef = 03328FC704598E7303CA2A5F /* prelink.c */; };
		0CAE8F4F09A550DE00BE130B /* IOKit.framework in Frameworks */ = {isa = PBXBuildFile; fileRef = 1492D20D01E541CE02CA2A87 /* IOKit.framework */; };
		0CAE8F5009A550DE00BE130B /* CoreFoundation.framework in Frameworks */ = {isa = PBXBuildFile; fileRef = 146BE2D201F7A95A02CA2A87 /* CoreFoundation.framework */; };
		0CAE8F5309A550DE00BE130B /* kextcache.8 in CopyFiles */ = {isa = PBXBuildFile; fileRef = 14A633FD01F7647402CA2A87 /* kextcache.8 */; };
		0CAE8F5C09A550DE00BE130B /* globals.h in Headers */ = {isa = PBXBuildFile; fileRef = 1492D1A501E53D0502CA2A87 /* globals.h */; };
		0CAE8F5D09A550DE00BE130B /* kext_types.h in Headers */ = {isa = PBXBuildFile; fileRef = 1492D1A601E53D0502CA2A87 /* kext_types.h */; };
		0CAE8F5E09A550DE00BE130B /* logging.h in Headers */ = {isa = PBXBuildFile; fileRef = 1492D1A901E53D0502CA2A87 /* logging.h */; };
		0CAE8F5F09A550DE00BE130B /* PTLock.h in Headers */ = {isa = PBXBuildFile; fileRef = 1492D1AE01E53D0502CA2A87 /* PTLock.h */; };
		0CAE8F6009A550DE00BE130B /* queue.h in Headers */ = {isa = PBXBuildFile; fileRef = 1492D1AF01E53D0502CA2A87 /* queue.h */; };
		0CAE8F6109A550DE00BE130B /* request.h in Headers */ = {isa = PBXBuildFile; fileRef = 1492D1B101E53D0502CA2A87 /* request.h */; };
		0CAE8F6309A550DE00BE130B /* kextd_main.c in Sources */ = {isa = PBXBuildFile; fileRef = 1492D1AA01E53D0502CA2A87 /* kextd_main.c */; };
		0CAE8F6509A550DE00BE130B /* mig_server.c in Sources */ = {isa = PBXBuildFile; fileRef = 1492D1AB01E53D0502CA2A87 /* mig_server.c */; };
		0CAE8F6609A550DE00BE130B /* PTLock.c in Sources */ = {isa = PBXBuildFile; fileRef = 1492D1AD01E53D0502CA2A87 /* PTLock.c */; };
		0CAE8F6709A550DE00BE130B /* request.c in Sources */ = {isa = PBXBuildFile; fileRef = 1492D1B001E53D0502CA2A87 /* request.c */; };
		0CAE8F6809A550DE00BE130B /* kextmanager.defs in Sources */ = {isa = PBXBuildFile; fileRef = 14597B28022D521B02CA29F8 /* kextmanager.defs */; settings = {ATTRIBUTES = (Server, ); }; };
		0CAE8F6A09A550DE00BE130B /* IOKit.framework in Frameworks */ = {isa = PBXBuildFile; fileRef = 1492D20D01E541CE02CA2A87 /* IOKit.framework */; };
		0CAE8F6B09A550DE00BE130B /* CoreFoundation.framework in Frameworks */ = {isa = PBXBuildFile; fileRef = 146BE2D201F7A95A02CA2A87 /* CoreFoundation.framework */; };
		0CAE8F6E09A550DE00BE130B /* kextd.8 in CopyFiles */ = {isa = PBXBuildFile; fileRef = 14D5D8AE01F5072802CA2A87 /* kextd.8 */; };
		0CAE8F7809A550DE00BE130B /* kextload_main.c in Sources */ = {isa = PBXBuildFile; fileRef = 1492D1A001E53CC502CA2A87 /* kextload_main.c */; };
		0CAE8F7A09A550DE00BE130B /* IOKit.framework in Frameworks */ = {isa = PBXBuildFile; fileRef = 1492D20D01E541CE02CA2A87 /* IOKit.framework */; };
		0CAE8F7B09A550DE00BE130B /* CoreFoundation.framework in Frameworks */ = {isa = PBXBuildFile; fileRef = 146BE2D201F7A95A02CA2A87 /* CoreFoundation.framework */; };
		0CAE8F7E09A550DE00BE130B /* kextload.8 in CopyFiles */ = {isa = PBXBuildFile; fileRef = 14D5D8AF01F5072802CA2A87 /* kextload.8 */; };
		0CAE8F8809A550DE00BE130B /* kextstat_main.c in Sources */ = {isa = PBXBuildFile; fileRef = 149E0AB702664EC402CA28EB /* kextstat_main.c */; };
		0CAE8F8C09A550DE00BE130B /* kextstat.8 in CopyFiles */ = {isa = PBXBuildFile; fileRef = 149E0ABB02665FD902CA28EB /* kextstat.8 */; };
		0CAE8F9609A550DE00BE130B /* kextunload_main.c in Sources */ = {isa = PBXBuildFile; fileRef = 1492D1B401E53D2702CA2A87 /* kextunload_main.c */; };
		0CAE8F9809A550DE00BE130B /* IOKit.framework in Frameworks */ = {isa = PBXBuildFile; fileRef = 1492D20D01E541CE02CA2A87 /* IOKit.framework */; };
		0CAE8F9909A550DE00BE130B /* CoreFoundation.framework in Frameworks */ = {isa = PBXBuildFile; fileRef = 146BE2D201F7A95A02CA2A87 /* CoreFoundation.framework */; };
		0CAE8F9C09A550DE00BE130B /* kextunload.8 in CopyFiles */ = {isa = PBXBuildFile; fileRef = 14D5D8B001F5072802CA2A87 /* kextunload.8 */; };
		0CAE8FA609A550DE00BE130B /* mkextunpack_main.c in Sources */ = {isa = PBXBuildFile; fileRef = 14A9DD8D025401E002CA28EB /* mkextunpack_main.c */; };
		0CAE8FA709A550DE00BE130B /* compression.c in Sources */ = {isa = PBXBuildFile; fileRef = 14DA20A701EE680802CA2A87 /* compression.c */; };
		0CAE8FA909A550DE00BE130B /* CoreFoundation.framework in Frameworks */ = {isa = PBXBuildFile; fileRef = 146BE2D201F7A95A02CA2A87 /* CoreFoundation.framework */; };
		0CAE8FAC09A550DE00BE130B /* mkextunpack.8 in CopyFiles */ = {isa = PBXBuildFile; fileRef = 14A9DD970254F38602CA28EB /* mkextunpack.8 */; };
		0CAE8FB609A550DE00BE130B /* kextsymboltool.c in Sources */ = {isa = PBXBuildFile; fileRef = A68176200485795F007579F1 /* kextsymboltool.c */; };
		0CD6C20C0A58EFD90061287B /* ApplicationServices.framework in Frameworks */ = {isa = PBXBuildFile; fileRef = 0CD6C20B0A58EFD90061287B /* ApplicationServices.framework */; };
		0CE320D70A24121C003C3F1B /* bootfiles.h in Headers */ = {isa = PBXBuildFile; fileRef = 0CE320D10A241207003C3F1B /* bootfiles.h */; settings = {ATTRIBUTES = (Private, ); }; };
		0CFA03A509BFBDCB00823D39 /* watchvol.c in Sources */ = {isa = PBXBuildFile; fileRef = 0CFA03A309BFBDCB00823D39 /* watchvol.c */; };
		0CFA03A609BFBDCB00823D39 /* watchvol.h in Headers */ = {isa = PBXBuildFile; fileRef = 0CFA03A409BFBDCB00823D39 /* watchvol.h */; settings = {ATTRIBUTES = (); }; };
		0CFA03AF09C5015200823D39 /* DiskArbitration.framework in Frameworks */ = {isa = PBXBuildFile; fileRef = 0CFA03AE09C5015200823D39 /* DiskArbitration.framework */; };
/* End PBXBuildFile section */

/* Begin PBXBuildStyle section */
		240762240A5E174E00F80F90 /* Development */ = {
			isa = PBXBuildStyle;
			buildSettings = {
				COPY_PHASE_STRIP = NO;
			};
			name = Development;
		};
		240762250A5E174E00F80F90 /* Deployment */ = {
			isa = PBXBuildStyle;
			buildSettings = {
				COPY_PHASE_STRIP = YES;
			};
			name = Deployment;
		};
/* End PBXBuildStyle section */

/* Begin PBXContainerItemProxy section */
		0CAE8FBF09A550DE00BE130B /* PBXContainerItemProxy */ = {
			isa = PBXContainerItemProxy;
			containerPortal = 1492D16B01E53C3C02CA2A87 /* Project object */;
			proxyType = 1;
			remoteGlobalIDString = 0CAE8F4609A550DE00BE130B;
			remoteInfo = "kextcache (Upgraded)";
		};
		0CAE8FC109A550DE00BE130B /* PBXContainerItemProxy */ = {
			isa = PBXContainerItemProxy;
			containerPortal = 1492D16B01E53C3C02CA2A87 /* Project object */;
			proxyType = 1;
			remoteGlobalIDString = 0CAE8F5A09A550DE00BE130B;
			remoteInfo = "kextd (Upgraded)";
		};
		0CAE8FC309A550DE00BE130B /* PBXContainerItemProxy */ = {
			isa = PBXContainerItemProxy;
			containerPortal = 1492D16B01E53C3C02CA2A87 /* Project object */;
			proxyType = 1;
			remoteGlobalIDString = 0CAE8F7509A550DE00BE130B;
			remoteInfo = "kextload (Upgraded)";
		};
		0CAE8FC509A550DE00BE130B /* PBXContainerItemProxy */ = {
			isa = PBXContainerItemProxy;
			containerPortal = 1492D16B01E53C3C02CA2A87 /* Project object */;
			proxyType = 1;
			remoteGlobalIDString = 0CAE8F8509A550DE00BE130B;
			remoteInfo = "kextstat (Upgraded)";
		};
		0CAE8FC709A550DE00BE130B /* PBXContainerItemProxy */ = {
			isa = PBXContainerItemProxy;
			containerPortal = 1492D16B01E53C3C02CA2A87 /* Project object */;
			proxyType = 1;
			remoteGlobalIDString = 0CAE8F9309A550DE00BE130B;
			remoteInfo = "kextunload (Upgraded)";
		};
		0CAE8FC909A550DE00BE130B /* PBXContainerItemProxy */ = {
			isa = PBXContainerItemProxy;
			containerPortal = 1492D16B01E53C3C02CA2A87 /* Project object */;
			proxyType = 1;
			remoteGlobalIDString = 0CAE8FA309A550DE00BE130B;
			remoteInfo = "mkextunpack (Upgraded)";
		};
		0CAE8FCB09A550DE00BE130B /* PBXContainerItemProxy */ = {
			isa = PBXContainerItemProxy;
			containerPortal = 1492D16B01E53C3C02CA2A87 /* Project object */;
			proxyType = 1;
			remoteGlobalIDString = 0CAE8FB309A550DE00BE130B;
			remoteInfo = "kextsymboltool (Upgraded)";
		};
/* End PBXContainerItemProxy section */

/* Begin PBXCopyFilesBuildPhase section */
		0C2FC06709D2288300EFA15B /* CopyFiles */ = {
			isa = PBXCopyFilesBuildPhase;
			buildActionMask = 8;
			dstPath = /usr/standalone;
			dstSubfolderSpec = 0;
			files = (
				0C2FC06B09D228AE00EFA15B /* bootcaches.plist in CopyFiles */,
			);
			runOnlyForDeploymentPostprocessing = 1;
		};
		0CAE8F5209A550DE00BE130B /* CopyFiles */ = {
			isa = PBXCopyFilesBuildPhase;
			buildActionMask = 8;
			dstPath = /usr/share/man/man8;
			dstSubfolderSpec = 0;
			files = (
				0CAE8F5309A550DE00BE130B /* kextcache.8 in CopyFiles */,
			);
			runOnlyForDeploymentPostprocessing = 1;
		};
		0CAE8F6D09A550DE00BE130B /* CopyFiles */ = {
			isa = PBXCopyFilesBuildPhase;
			buildActionMask = 8;
			dstPath = /usr/share/man/man8;
			dstSubfolderSpec = 0;
			files = (
				0CAE8F6E09A550DE00BE130B /* kextd.8 in CopyFiles */,
			);
			runOnlyForDeploymentPostprocessing = 1;
		};
		0CAE8F7D09A550DE00BE130B /* CopyFiles */ = {
			isa = PBXCopyFilesBuildPhase;
			buildActionMask = 8;
			dstPath = /usr/share/man/man8/;
			dstSubfolderSpec = 0;
			files = (
				0CAE8F7E09A550DE00BE130B /* kextload.8 in CopyFiles */,
			);
			runOnlyForDeploymentPostprocessing = 1;
		};
		0CAE8F8B09A550DE00BE130B /* CopyFiles */ = {
			isa = PBXCopyFilesBuildPhase;
			buildActionMask = 8;
			dstPath = /usr/share/man/man8;
			dstSubfolderSpec = 0;
			files = (
				0CAE8F8C09A550DE00BE130B /* kextstat.8 in CopyFiles */,
			);
			runOnlyForDeploymentPostprocessing = 1;
		};
		0CAE8F9B09A550DE00BE130B /* CopyFiles */ = {
			isa = PBXCopyFilesBuildPhase;
			buildActionMask = 8;
			dstPath = /usr/share/man/man8;
			dstSubfolderSpec = 0;
			files = (
				0CAE8F9C09A550DE00BE130B /* kextunload.8 in CopyFiles */,
			);
			runOnlyForDeploymentPostprocessing = 1;
		};
		0CAE8FAB09A550DE00BE130B /* CopyFiles */ = {
			isa = PBXCopyFilesBuildPhase;
			buildActionMask = 8;
			dstPath = /usr/share/man/man8/;
			dstSubfolderSpec = 0;
			files = (
				0CAE8FAC09A550DE00BE130B /* mkextunpack.8 in CopyFiles */,
			);
			runOnlyForDeploymentPostprocessing = 1;
		};
/* End PBXCopyFilesBuildPhase section */

/* Begin PBXFileReference section */
		03328FC704598E7303CA2A5F /* prelink.c */ = {isa = PBXFileReference; fileEncoding = 30; lastKnownFileType = sourcecode.c.c; path = prelink.c; sourceTree = "<group>"; };
		05B20C4509D37D44006C22E3 /* fat_util.h */ = {isa = PBXFileReference; fileEncoding = 30; lastKnownFileType = sourcecode.c.h; path = fat_util.h; sourceTree = "<group>"; };
		05B20C4709D37D4E006C22E3 /* fat_util.c */ = {isa = PBXFileReference; fileEncoding = 30; lastKnownFileType = sourcecode.c.c; path = fat_util.c; sourceTree = "<group>"; };
		05B20C4909D37D5B006C22E3 /* macho_util.c */ = {isa = PBXFileReference; fileEncoding = 30; lastKnownFileType = sourcecode.c.c; path = macho_util.c; sourceTree = "<group>"; };
		05B20C4A09D37D5B006C22E3 /* macho_util.h */ = {isa = PBXFileReference; fileEncoding = 30; lastKnownFileType = sourcecode.c.h; path = macho_util.h; sourceTree = "<group>"; };
		05B20C4B09D37D5B006C22E3 /* mkext_util.c */ = {isa = PBXFileReference; fileEncoding = 30; lastKnownFileType = sourcecode.c.c; path = mkext_util.c; sourceTree = "<group>"; };
		05B20C4C09D37D5B006C22E3 /* mkext_util.h */ = {isa = PBXFileReference; fileEncoding = 30; lastKnownFileType = sourcecode.c.h; path = mkext_util.h; sourceTree = "<group>"; };
		05E752740A5C7BB700F68559 /* libAppleRAID.a */ = {isa = PBXFileReference; lastKnownFileType = archive.ar; name = libAppleRAID.a; path = /usr/local/lib/libAppleRAID.a; sourceTree = "<absolute>"; };
		0C2FC0C709D36EDE00EFA15B /* bootroot.c */ = {isa = PBXFileReference; fileEncoding = 30; lastKnownFileType = sourcecode.c.c; path = bootroot.c; sourceTree = "<group>"; };
		0C2FC0C809D36EDE00EFA15B /* bootroot.h */ = {isa = PBXFileReference; fileEncoding = 30; lastKnownFileType = sourcecode.c.h; path = bootroot.h; sourceTree = "<group>"; };
		0C35C13809D22078009205F7 /* bootcaches.h */ = {isa = PBXFileReference; fileEncoding = 30; lastKnownFileType = sourcecode.c.h; path = bootcaches.h; sourceTree = "<group>"; };
		0C8A3EE90A38E3D800D5CA1C /* update_boot.c */ = {isa = PBXFileReference; fileEncoding = 30; lastKnownFileType = sourcecode.c.c; path = update_boot.c; sourceTree = "<group>"; };
		0C8A3EEA0A38E3D800D5CA1C /* update_boot.h */ = {isa = PBXFileReference; fileEncoding = 30; lastKnownFileType = sourcecode.c.h; path = update_boot.h; sourceTree = "<group>"; };
		0C8A3EFF0A438AAF00D5CA1C /* safecalls.c */ = {isa = PBXFileReference; fileEncoding = 30; lastKnownFileType = sourcecode.c.c; path = safecalls.c; sourceTree = "<group>"; };
		0C8A3F000A438AAF00D5CA1C /* safecalls.h */ = {isa = PBXFileReference; fileEncoding = 30; lastKnownFileType = sourcecode.c.h; path = safecalls.h; sourceTree = "<group>"; };
		0C8A3F110A4A034A00D5CA1C /* libbless.a */ = {isa = PBXFileReference; lastKnownFileType = archive.ar; name = libbless.a; path = /usr/local/lib/libbless.a; sourceTree = "<absolute>"; };
		0CAE8F5809A550DE00BE130B /* kextcache */ = {isa = PBXFileReference; includeInIndex = 0; lastKnownFileType = "compiled.mach-o.executable"; path = kextcache; sourceTree = BUILT_PRODUCTS_DIR; };
		0CAE8F7309A550DE00BE130B /* kextd */ = {isa = PBXFileReference; explicitFileType = "compiled.mach-o.executable"; includeInIndex = 0; path = kextd; sourceTree = BUILT_PRODUCTS_DIR; };
		0CAE8F8309A550DE00BE130B /* kextload */ = {isa = PBXFileReference; explicitFileType = "compiled.mach-o.executable"; includeInIndex = 0; path = kextload; sourceTree = BUILT_PRODUCTS_DIR; };
		0CAE8F9109A550DE00BE130B /* kextstat */ = {isa = PBXFileReference; explicitFileType = "compiled.mach-o.executable"; includeInIndex = 0; path = kextstat; sourceTree = BUILT_PRODUCTS_DIR; };
		0CAE8FA109A550DE00BE130B /* kextunload */ = {isa = PBXFileReference; explicitFileType = "compiled.mach-o.executable"; includeInIndex = 0; path = kextunload; sourceTree = BUILT_PRODUCTS_DIR; };
		0CAE8FB109A550DE00BE130B /* mkextunpack */ = {isa = PBXFileReference; explicitFileType = "compiled.mach-o.executable"; includeInIndex = 0; path = mkextunpack; sourceTree = BUILT_PRODUCTS_DIR; };
		0CAE8FBD09A550DE00BE130B /* kextsymboltool */ = {isa = PBXFileReference; explicitFileType = "compiled.mach-o.executable"; includeInIndex = 0; path = kextsymboltool; sourceTree = BUILT_PRODUCTS_DIR; };
		0CD6C20B0A58EFD90061287B /* ApplicationServices.framework */ = {isa = PBXFileReference; lastKnownFileType = wrapper.framework; name = ApplicationServices.framework; path = /System/Library/Frameworks/ApplicationServices.framework; sourceTree = "<absolute>"; };
		0CE320D10A241207003C3F1B /* bootfiles.h */ = {isa = PBXFileReference; fileEncoding = 30; lastKnownFileType = sourcecode.c.h; path = bootfiles.h; sourceTree = "<group>"; };
		0CFA03A309BFBDCB00823D39 /* watchvol.c */ = {isa = PBXFileReference; fileEncoding = 30; lastKnownFileType = sourcecode.c.c; path = watchvol.c; sourceTree = "<group>"; };
		0CFA03A409BFBDCB00823D39 /* watchvol.h */ = {isa = PBXFileReference; fileEncoding = 30; lastKnownFileType = sourcecode.c.h; path = watchvol.h; sourceTree = "<group>"; };
		0CFA03A809BFBEA300823D39 /* bootcaches.plist */ = {isa = PBXFileReference; fileEncoding = 30; lastKnownFileType = text.xml; path = bootcaches.plist; sourceTree = "<group>"; };
		0CFA03AE09C5015200823D39 /* DiskArbitration.framework */ = {isa = PBXFileReference; lastKnownFileType = wrapper.framework; name = DiskArbitration.framework; path = /System/Library/Frameworks/DiskArbitration.framework; sourceTree = "<absolute>"; };
		1452E76F01F9032A02CA28EB /* libz.dylib */ = {isa = PBXFileReference; lastKnownFileType = "compiled.mach-o.dylib"; name = libz.dylib; path = /usr/lib/libz.1.1.3.dylib; sourceTree = "<absolute>"; };
		1452E77001F9032A02CA28EB /* libkld.dylib */ = {isa = PBXFileReference; lastKnownFileType = archive.ar; name = libkld.dylib; path = /usr/local/lib/libkld.dylib; sourceTree = "<absolute>"; };
		14597B28022D521B02CA29F8 /* kextmanager.defs */ = {isa = PBXFileReference; fileEncoding = 30; lastKnownFileType = sourcecode.mig; path = kextmanager.defs; sourceTree = "<group>"; };
		146BE2D201F7A95A02CA2A87 /* CoreFoundation.framework */ = {isa = PBXFileReference; lastKnownFileType = wrapper.framework; name = CoreFoundation.framework; path = /System/Library/Frameworks/CoreFoundation.framework; sourceTree = "<absolute>"; };
		1492D1A001E53CC502CA2A87 /* kextload_main.c */ = {isa = PBXFileReference; fileEncoding = 30; lastKnownFileType = sourcecode.c.c; path = kextload_main.c; sourceTree = "<group>"; };
		1492D1A501E53D0502CA2A87 /* globals.h */ = {isa = PBXFileReference; fileEncoding = 30; lastKnownFileType = sourcecode.c.h; path = globals.h; sourceTree = "<group>"; };
		1492D1A601E53D0502CA2A87 /* kext_types.h */ = {isa = PBXFileReference; fileEncoding = 30; lastKnownFileType = sourcecode.c.h; path = kext_types.h; sourceTree = "<group>"; };
		1492D1A801E53D0502CA2A87 /* logging.c */ = {isa = PBXFileReference; fileEncoding = 30; lastKnownFileType = sourcecode.c.c; path = logging.c; sourceTree = "<group>"; };
		1492D1A901E53D0502CA2A87 /* logging.h */ = {isa = PBXFileReference; fileEncoding = 30; lastKnownFileType = sourcecode.c.h; path = logging.h; sourceTree = "<group>"; };
		1492D1AA01E53D0502CA2A87 /* kextd_main.c */ = {isa = PBXFileReference; fileEncoding = 30; lastKnownFileType = sourcecode.c.c; path = kextd_main.c; sourceTree = "<group>"; };
		1492D1AB01E53D0502CA2A87 /* mig_server.c */ = {isa = PBXFileReference; fileEncoding = 30; lastKnownFileType = sourcecode.c.c; path = mig_server.c; sourceTree = "<group>"; };
		1492D1AD01E53D0502CA2A87 /* PTLock.c */ = {isa = PBXFileReference; fileEncoding = 30; lastKnownFileType = sourcecode.c.c; path = PTLock.c; sourceTree = "<group>"; };
		1492D1AE01E53D0502CA2A87 /* PTLock.h */ = {isa = PBXFileReference; fileEncoding = 30; lastKnownFileType = sourcecode.c.h; path = PTLock.h; sourceTree = "<group>"; };
		1492D1AF01E53D0502CA2A87 /* queue.h */ = {isa = PBXFileReference; fileEncoding = 30; lastKnownFileType = sourcecode.c.h; path = queue.h; sourceTree = "<group>"; };
		1492D1B001E53D0502CA2A87 /* request.c */ = {isa = PBXFileReference; fileEncoding = 30; lastKnownFileType = sourcecode.c.c; path = request.c; sourceTree = "<group>"; };
		1492D1B101E53D0502CA2A87 /* request.h */ = {isa = PBXFileReference; fileEncoding = 30; lastKnownFileType = sourcecode.c.h; path = request.h; sourceTree = "<group>"; };
		1492D1B401E53D2702CA2A87 /* kextunload_main.c */ = {isa = PBXFileReference; fileEncoding = 30; lastKnownFileType = sourcecode.c.c; path = kextunload_main.c; sourceTree = "<group>"; };
		1492D20D01E541CE02CA2A87 /* IOKit.framework */ = {isa = PBXFileReference; lastKnownFileType = wrapper.framework; name = IOKit.framework; path = /System/Library/Frameworks/IOKit.framework; sourceTree = "<absolute>"; };
		149E0AB702664EC402CA28EB /* kextstat_main.c */ = {isa = PBXFileReference; fileEncoding = 30; lastKnownFileType = sourcecode.c.c; path = kextstat_main.c; sourceTree = "<group>"; };
		149E0ABB02665FD902CA28EB /* kextstat.8 */ = {isa = PBXFileReference; fileEncoding = 30; lastKnownFileType = text; path = kextstat.8; sourceTree = "<group>"; };
		14A199C601EB7C6E02CA2A87 /* kextcache_main.c */ = {isa = PBXFileReference; fileEncoding = 30; lastKnownFileType = sourcecode.c.c; path = kextcache_main.c; sourceTree = "<group>"; };
		14A633FD01F7647402CA2A87 /* kextcache.8 */ = {isa = PBXFileReference; fileEncoding = 30; lastKnownFileType = text; path = kextcache.8; sourceTree = "<group>"; };
		14A9DD8D025401E002CA28EB /* mkextunpack_main.c */ = {isa = PBXFileReference; fileEncoding = 30; lastKnownFileType = sourcecode.c.c; path = mkextunpack_main.c; sourceTree = SOURCE_ROOT; };
		14A9DD970254F38602CA28EB /* mkextunpack.8 */ = {isa = PBXFileReference; fileEncoding = 30; lastKnownFileType = text; path = mkextunpack.8; sourceTree = "<group>"; };
		14D5D8AE01F5072802CA2A87 /* kextd.8 */ = {isa = PBXFileReference; fileEncoding = 30; lastKnownFileType = text; path = kextd.8; sourceTree = "<group>"; };
		14D5D8AF01F5072802CA2A87 /* kextload.8 */ = {isa = PBXFileReference; fileEncoding = 30; lastKnownFileType = text; path = kextload.8; sourceTree = "<group>"; };
		14D5D8B001F5072802CA2A87 /* kextunload.8 */ = {isa = PBXFileReference; fileEncoding = 30; lastKnownFileType = text; path = kextunload.8; sourceTree = "<group>"; };
		14DA20A701EE680802CA2A87 /* compression.c */ = {isa = PBXFileReference; fileEncoding = 30; lastKnownFileType = sourcecode.c.c; path = compression.c; sourceTree = "<group>"; };
		14DA20A901EE682802CA2A87 /* arch.c */ = {isa = PBXFileReference; fileEncoding = 30; lastKnownFileType = sourcecode.c.c; path = arch.c; sourceTree = "<group>"; };
		14FEF92B025BBA6E02CA28EB /* mkext_file.c */ = {isa = PBXFileReference; fileEncoding = 30; lastKnownFileType = sourcecode.c.c; path = mkext_file.c; sourceTree = "<group>"; };
		A68176200485795F007579F1 /* kextsymboltool.c */ = {isa = PBXFileReference; fileEncoding = 30; lastKnownFileType = sourcecode.c.c; path = kextsymboltool.c; sourceTree = "<group>"; };
/* End PBXFileReference section */

/* Begin PBXFrameworksBuildPhase section */
		0CAE8F4E09A550DE00BE130B /* Frameworks */ = {
			isa = PBXFrameworksBuildPhase;
			buildActionMask = 2147483647;
			files = (
				0CAE8F4F09A550DE00BE130B /* IOKit.framework in Frameworks */,
				0CAE8F5009A550DE00BE130B /* CoreFoundation.framework in Frameworks */,
				0C8A3F100A4A031500D5CA1C /* DiskArbitration.framework in Frameworks */,
				0C8A3F120A4A034A00D5CA1C /* libbless.a in Frameworks */,
				0CD6C20C0A58EFD90061287B /* ApplicationServices.framework in Frameworks */,
			);
			runOnlyForDeploymentPostprocessing = 0;
		};
		0CAE8F6909A550DE00BE130B /* Frameworks */ = {
			isa = PBXFrameworksBuildPhase;
			buildActionMask = 2147483647;
			files = (
				0CAE8F6A09A550DE00BE130B /* IOKit.framework in Frameworks */,
				0CAE8F6B09A550DE00BE130B /* CoreFoundation.framework in Frameworks */,
				0CFA03AF09C5015200823D39 /* DiskArbitration.framework in Frameworks */,
				0C87DE780A51275500B5904C /* libbless.a in Frameworks */,
				05E752750A5C7BB700F68559 /* libAppleRAID.a in Frameworks */,
			);
			runOnlyForDeploymentPostprocessing = 0;
		};
		0CAE8F7909A550DE00BE130B /* Frameworks */ = {
			isa = PBXFrameworksBuildPhase;
			buildActionMask = 2147483647;
			files = (
				0CAE8F7A09A550DE00BE130B /* IOKit.framework in Frameworks */,
				0CAE8F7B09A550DE00BE130B /* CoreFoundation.framework in Frameworks */,
			);
			runOnlyForDeploymentPostprocessing = 0;
		};
		0CAE8F8909A550DE00BE130B /* Frameworks */ = {
			isa = PBXFrameworksBuildPhase;
			buildActionMask = 2147483647;
			files = (
			);
			runOnlyForDeploymentPostprocessing = 0;
		};
		0CAE8F9709A550DE00BE130B /* Frameworks */ = {
			isa = PBXFrameworksBuildPhase;
			buildActionMask = 2147483647;
			files = (
				0CAE8F9809A550DE00BE130B /* IOKit.framework in Frameworks */,
				0CAE8F9909A550DE00BE130B /* CoreFoundation.framework in Frameworks */,
			);
			runOnlyForDeploymentPostprocessing = 0;
		};
		0CAE8FA809A550DE00BE130B /* Frameworks */ = {
			isa = PBXFrameworksBuildPhase;
			buildActionMask = 2147483647;
			files = (
				0CAE8FA909A550DE00BE130B /* CoreFoundation.framework in Frameworks */,
			);
			runOnlyForDeploymentPostprocessing = 0;
		};
		0CAE8FB709A550DE00BE130B /* Frameworks */ = {
			isa = PBXFrameworksBuildPhase;
			buildActionMask = 2147483647;
			files = (
			);
			runOnlyForDeploymentPostprocessing = 0;
		};
/* End PBXFrameworksBuildPhase section */

/* Begin PBXGroup section */
		0C8A3EEE0A38E44600D5CA1C /* misnamed */ = {
			isa = PBXGroup;
			children = (
				0C2FC0C809D36EDE00EFA15B /* bootroot.h */,
				0C2FC0C709D36EDE00EFA15B /* bootroot.c */,
			);
			name = misnamed;
			sourceTree = "<group>";
		};
		1485151D03F1F3B302CA28EB /* Shared Source */ = {
			isa = PBXGroup;
			children = (
				1492D1A901E53D0502CA2A87 /* logging.h */,
				1492D1A801E53D0502CA2A87 /* logging.c */,
				0C8A3EFF0A438AAF00D5CA1C /* safecalls.c */,
				0C8A3F000A438AAF00D5CA1C /* safecalls.h */,
				14DA20A701EE680802CA2A87 /* compression.c */,
			);
			name = "Shared Source";
			sourceTree = "<group>";
		};
		1492D16C01E53C3C02CA2A87 = {
			isa = PBXGroup;
			children = (
				0CD6C20B0A58EFD90061287B /* ApplicationServices.framework */,
				0C8A3EEE0A38E44600D5CA1C /* misnamed */,
				0CFA03AE09C5015200823D39 /* DiskArbitration.framework */,
				0C8A3F110A4A034A00D5CA1C /* libbless.a */,
				1492D18701E53C9C02CA2A87 /* Source */,
				14D5D8AD01F5072802CA2A87 /* Documentation */,
				1492D21101E5423102CA2A87 /* External Frameworks and Libraries */,
				1492D16F01E53C9002CA2A87 /* Products */,
			);
			sourceTree = "<group>";
		};
		1492D16F01E53C9002CA2A87 /* Products */ = {
			isa = PBXGroup;
			children = (
				0CAE8F5809A550DE00BE130B /* kextcache */,
				0CAE8F7309A550DE00BE130B /* kextd */,
				0CAE8F8309A550DE00BE130B /* kextload */,
				0CAE8F9109A550DE00BE130B /* kextstat */,
				0CAE8FA109A550DE00BE130B /* kextunload */,
				0CAE8FB109A550DE00BE130B /* mkextunpack */,
				0CAE8FBD09A550DE00BE130B /* kextsymboltool */,
			);
			name = Products;
			sourceTree = "<group>";
		};
		1492D18701E53C9C02CA2A87 /* Source */ = {
			isa = PBXGroup;
			children = (
				0CE320D10A241207003C3F1B /* bootfiles.h */,
				0CFA03A809BFBEA300823D39 /* bootcaches.plist */,
				A6817625048579EE007579F1 /* kextsymboltool */,
				1485151D03F1F3B302CA28EB /* Shared Source */,
				14A199C501EB7C6E02CA2A87 /* kextcache */,
				1492D1A201E53CF102CA2A87 /* kextd */,
				1492D1A301E53CF102CA2A87 /* kextload */,
				149E0AAE02664E7602CA28EB /* kextstat */,
				1492D1A101E53CF102CA2A87 /* kextunload */,
				14A9DD90025401EB02CA28EB /* mkextunpack */,
			);
			name = Source;
			sourceTree = "<group>";
		};
		1492D1A101E53CF102CA2A87 /* kextunload */ = {
			isa = PBXGroup;
			children = (
				1492D1B401E53D2702CA2A87 /* kextunload_main.c */,
			);
			name = kextunload;
			sourceTree = "<group>";
		};
		1492D1A201E53CF102CA2A87 /* kextd */ = {
			isa = PBXGroup;
			children = (
				1492D1AA01E53D0502CA2A87 /* kextd_main.c */,
				05B20C4509D37D44006C22E3 /* fat_util.h */,
				05B20C4709D37D4E006C22E3 /* fat_util.c */,
				1492D1A501E53D0502CA2A87 /* globals.h */,
				1492D1A601E53D0502CA2A87 /* kext_types.h */,
				05B20C4A09D37D5B006C22E3 /* macho_util.h */,
				05B20C4909D37D5B006C22E3 /* macho_util.c */,
				05B20C4C09D37D5B006C22E3 /* mkext_util.h */,
				05B20C4B09D37D5B006C22E3 /* mkext_util.c */,
				1492D1AE01E53D0502CA2A87 /* PTLock.h */,
				1492D1AD01E53D0502CA2A87 /* PTLock.c */,
				1492D1AF01E53D0502CA2A87 /* queue.h */,
				1492D1B101E53D0502CA2A87 /* request.h */,
				1492D1B001E53D0502CA2A87 /* request.c */,
				1492D1AB01E53D0502CA2A87 /* mig_server.c */,
				0CFA03A409BFBDCB00823D39 /* watchvol.h */,
				0CFA03A309BFBDCB00823D39 /* watchvol.c */,
				14597B28022D521B02CA29F8 /* kextmanager.defs */,
			);
			name = kextd;
			sourceTree = "<group>";
		};
		1492D1A301E53CF102CA2A87 /* kextload */ = {
			isa = PBXGroup;
			children = (
				1492D1A001E53CC502CA2A87 /* kextload_main.c */,
			);
			name = kextload;
			sourceTree = "<group>";
		};
		1492D21101E5423102CA2A87 /* External Frameworks and Libraries */ = {
			isa = PBXGroup;
			children = (
				146BE2D201F7A95A02CA2A87 /* CoreFoundation.framework */,
				0CFA03AE09C5015200823D39 /* DiskArbitration.framework */,
				1492D20D01E541CE02CA2A87 /* IOKit.framework */,
				1452E76F01F9032A02CA28EB /* libz.dylib */,
				1452E77001F9032A02CA28EB /* libkld.dylib */,
				05E752740A5C7BB700F68559 /* libAppleRAID.a */,
			);
			name = "External Frameworks and Libraries";
			sourceTree = "<group>";
		};
		149E0AAE02664E7602CA28EB /* kextstat */ = {
			isa = PBXGroup;
			children = (
				149E0AB702664EC402CA28EB /* kextstat_main.c */,
			);
			name = kextstat;
			sourceTree = "<group>";
		};
		14A199C501EB7C6E02CA2A87 /* kextcache */ = {
			isa = PBXGroup;
			children = (
				0C35C13809D22078009205F7 /* bootcaches.h */,
				14A199C601EB7C6E02CA2A87 /* kextcache_main.c */,
				14DA20A901EE682802CA2A87 /* arch.c */,
				14FEF92B025BBA6E02CA28EB /* mkext_file.c */,
				03328FC704598E7303CA2A5F /* prelink.c */,
				0C8A3EE90A38E3D800D5CA1C /* update_boot.c */,
				0C8A3EEA0A38E3D800D5CA1C /* update_boot.h */,
			);
			name = kextcache;
			sourceTree = "<group>";
		};
		14A9DD90025401EB02CA28EB /* mkextunpack */ = {
			isa = PBXGroup;
			children = (
				14A9DD8D025401E002CA28EB /* mkextunpack_main.c */,
			);
			name = mkextunpack;
			sourceTree = "<group>";
		};
		14D5D8AD01F5072802CA2A87 /* Documentation */ = {
			isa = PBXGroup;
			children = (
				14A633FD01F7647402CA2A87 /* kextcache.8 */,
				14D5D8AE01F5072802CA2A87 /* kextd.8 */,
				14D5D8AF01F5072802CA2A87 /* kextload.8 */,
				149E0ABB02665FD902CA28EB /* kextstat.8 */,
				14D5D8B001F5072802CA2A87 /* kextunload.8 */,
				14A9DD970254F38602CA28EB /* mkextunpack.8 */,
			);
			name = Documentation;
			sourceTree = "<group>";
		};
		A6817625048579EE007579F1 /* kextsymboltool */ = {
			isa = PBXGroup;
			children = (
				A68176200485795F007579F1 /* kextsymboltool.c */,
			);
			name = kextsymboltool;
			sourceTree = "<group>";
		};
/* End PBXGroup section */

/* Begin PBXHeadersBuildPhase section */
		0C35C21B09D225FD009205F7 /* Headers */ = {
			isa = PBXHeadersBuildPhase;
			buildActionMask = 2147483647;
			files = (
				0C78910E09F71DC30016433F /* bootroot.h in Headers */,
				0C78911C09F71F060016433F /* logging.h in Headers */,
				0C7891E10A00837E0016433F /* fat_util.h in Headers */,
				0C7891E90A0083C10016433F /* macho_util.h in Headers */,
				0CE320D70A24121C003C3F1B /* bootfiles.h in Headers */,
				0C8A3EEC0A38E3D800D5CA1C /* update_boot.h in Headers */,
				0C8A3F020A438AAF00D5CA1C /* safecalls.h in Headers */,
			);
			runOnlyForDeploymentPostprocessing = 0;
		};
		0CAE8F5B09A550DE00BE130B /* Headers */ = {
			isa = PBXHeadersBuildPhase;
			buildActionMask = 2147483647;
			files = (
				0CAE8F5C09A550DE00BE130B /* globals.h in Headers */,
				0CAE8F5D09A550DE00BE130B /* kext_types.h in Headers */,
				0CAE8F5E09A550DE00BE130B /* logging.h in Headers */,
				0CAE8F5F09A550DE00BE130B /* PTLock.h in Headers */,
				0CAE8F6009A550DE00BE130B /* queue.h in Headers */,
				0CAE8F6109A550DE00BE130B /* request.h in Headers */,
				0CFA03A609BFBDCB00823D39 /* watchvol.h in Headers */,
				0C2FC0CA09D36EDE00EFA15B /* bootroot.h in Headers */,
				05B20C4609D37D44006C22E3 /* fat_util.h in Headers */,
				05B20C4E09D37D5B006C22E3 /* macho_util.h in Headers */,
				05B20C5009D37D5B006C22E3 /* mkext_util.h in Headers */,
				0C8A3F040A438AAF00D5CA1C /* safecalls.h in Headers */,
			);
			runOnlyForDeploymentPostprocessing = 0;
		};
		0CAE8F7609A550DE00BE130B /* Headers */ = {
			isa = PBXHeadersBuildPhase;
			buildActionMask = 2147483647;
			files = (
			);
			runOnlyForDeploymentPostprocessing = 0;
		};
		0CAE8F8609A550DE00BE130B /* Headers */ = {
			isa = PBXHeadersBuildPhase;
			buildActionMask = 2147483647;
			files = (
			);
			runOnlyForDeploymentPostprocessing = 0;
		};
		0CAE8F9409A550DE00BE130B /* Headers */ = {
			isa = PBXHeadersBuildPhase;
			buildActionMask = 2147483647;
			files = (
			);
			runOnlyForDeploymentPostprocessing = 0;
		};
		0CAE8FA409A550DE00BE130B /* Headers */ = {
			isa = PBXHeadersBuildPhase;
			buildActionMask = 2147483647;
			files = (
			);
			runOnlyForDeploymentPostprocessing = 0;
		};
		0CAE8FB409A550DE00BE130B /* Headers */ = {
			isa = PBXHeadersBuildPhase;
			buildActionMask = 2147483647;
			files = (
			);
			runOnlyForDeploymentPostprocessing = 0;
		};
/* End PBXHeadersBuildPhase section */

/* Begin PBXNativeTarget section */
		0CAE8F4609A550DE00BE130B /* kextcache */ = {
			isa = PBXNativeTarget;
			buildConfigurationList = 0CAE8F5409A550DE00BE130B /* Build configuration list for PBXNativeTarget "kextcache" */;
			buildPhases = (
				0CAE8F4809A550DE00BE130B /* Sources */,
				0CAE8F4E09A550DE00BE130B /* Frameworks */,
				0CAE8F5109A550DE00BE130B /* Rez */,
				0CAE8F5209A550DE00BE130B /* CopyFiles */,
				0C35C21B09D225FD009205F7 /* Headers */,
			);
			buildRules = (
			);
			dependencies = (
			);
			name = kextcache;
			productInstallPath = /usr/sbin;
			productName = kextcache;
			productReference = 0CAE8F5809A550DE00BE130B /* kextcache */;
			productType = "com.apple.product-type.tool";
		};
		0CAE8F5A09A550DE00BE130B /* kextd */ = {
			isa = PBXNativeTarget;
			buildConfigurationList = 0CAE8F6F09A550DE00BE130B /* Build configuration list for PBXNativeTarget "kextd" */;
			buildPhases = (
				0CAE8F5B09A550DE00BE130B /* Headers */,
				0CAE8F6209A550DE00BE130B /* Sources */,
				0CAE8F6909A550DE00BE130B /* Frameworks */,
				0CAE8F6C09A550DE00BE130B /* Rez */,
				0CAE8F6D09A550DE00BE130B /* CopyFiles */,
				0C2FC06709D2288300EFA15B /* CopyFiles */,
			);
			buildRules = (
			);
			dependencies = (
			);
			name = kextd;
			productInstallPath = /usr/libexec;
			productName = kextd;
			productReference = 0CAE8F7309A550DE00BE130B /* kextd */;
			productType = "com.apple.product-type.tool";
		};
		0CAE8F7509A550DE00BE130B /* kextload */ = {
			isa = PBXNativeTarget;
			buildConfigurationList = 0CAE8F7F09A550DE00BE130B /* Build configuration list for PBXNativeTarget "kextload" */;
			buildPhases = (
				0CAE8F7609A550DE00BE130B /* Headers */,
				0CAE8F7709A550DE00BE130B /* Sources */,
				0CAE8F7909A550DE00BE130B /* Frameworks */,
				0CAE8F7C09A550DE00BE130B /* Rez */,
				0CAE8F7D09A550DE00BE130B /* CopyFiles */,
			);
			buildRules = (
			);
			dependencies = (
			);
			name = kextload;
			productInstallPath = /sbin;
			productName = kxload;
			productReference = 0CAE8F8309A550DE00BE130B /* kextload */;
			productType = "com.apple.product-type.tool";
		};
		0CAE8F8509A550DE00BE130B /* kextstat */ = {
			isa = PBXNativeTarget;
			buildConfigurationList = 0CAE8F8D09A550DE00BE130B /* Build configuration list for PBXNativeTarget "kextstat" */;
			buildPhases = (
				0CAE8F8609A550DE00BE130B /* Headers */,
				0CAE8F8709A550DE00BE130B /* Sources */,
				0CAE8F8909A550DE00BE130B /* Frameworks */,
				0CAE8F8A09A550DE00BE130B /* Rez */,
				0CAE8F8B09A550DE00BE130B /* CopyFiles */,
			);
			buildRules = (
			);
			dependencies = (
			);
			name = kextstat;
			productInstallPath = /usr/sbin;
			productName = kextstat;
			productReference = 0CAE8F9109A550DE00BE130B /* kextstat */;
			productType = "com.apple.product-type.tool";
		};
		0CAE8F9309A550DE00BE130B /* kextunload */ = {
			isa = PBXNativeTarget;
			buildConfigurationList = 0CAE8F9D09A550DE00BE130B /* Build configuration list for PBXNativeTarget "kextunload" */;
			buildPhases = (
				0CAE8F9409A550DE00BE130B /* Headers */,
				0CAE8F9509A550DE00BE130B /* Sources */,
				0CAE8F9709A550DE00BE130B /* Frameworks */,
				0CAE8F9A09A550DE00BE130B /* Rez */,
				0CAE8F9B09A550DE00BE130B /* CopyFiles */,
			);
			buildRules = (
			);
			dependencies = (
			);
			name = kextunload;
			productInstallPath = /sbin;
			productName = kxunload;
			productReference = 0CAE8FA109A550DE00BE130B /* kextunload */;
			productType = "com.apple.product-type.tool";
		};
		0CAE8FA309A550DE00BE130B /* mkextunpack */ = {
			isa = PBXNativeTarget;
			buildConfigurationList = 0CAE8FAD09A550DE00BE130B /* Build configuration list for PBXNativeTarget "mkextunpack" */;
			buildPhases = (
				0CAE8FA409A550DE00BE130B /* Headers */,
				0CAE8FA509A550DE00BE130B /* Sources */,
				0CAE8FA809A550DE00BE130B /* Frameworks */,
				0CAE8FAA09A550DE00BE130B /* Rez */,
				0CAE8FAB09A550DE00BE130B /* CopyFiles */,
			);
			buildRules = (
			);
			dependencies = (
			);
			name = mkextunpack;
			productInstallPath = /usr/sbin;
			productName = mkextunpack;
			productReference = 0CAE8FB109A550DE00BE130B /* mkextunpack */;
			productType = "com.apple.product-type.tool";
		};
		0CAE8FB309A550DE00BE130B /* kextsymboltool */ = {
			isa = PBXNativeTarget;
			buildConfigurationList = 0CAE8FB909A550DE00BE130B /* Build configuration list for PBXNativeTarget "kextsymboltool" */;
			buildPhases = (
				0CAE8FB409A550DE00BE130B /* Headers */,
				0CAE8FB509A550DE00BE130B /* Sources */,
				0CAE8FB709A550DE00BE130B /* Frameworks */,
				0CAE8FB809A550DE00BE130B /* Rez */,
			);
			buildRules = (
			);
			dependencies = (
			);
			name = kextsymboltool;
			productInstallPath = /usr/local/bin;
			productName = kextsymboltool;
			productReference = 0CAE8FBD09A550DE00BE130B /* kextsymboltool */;
			productType = "com.apple.product-type.tool";
		};
/* End PBXNativeTarget section */

/* Begin PBXProject section */
		1492D16B01E53C3C02CA2A87 /* Project object */ = {
			isa = PBXProject;
			buildConfigurationList = 0CE37C7F09A54C2100C82CF2 /* Build configuration list for PBXProject "kext_tools" */;
			buildSettings = {
			};
			buildStyles = (
				240762240A5E174E00F80F90 /* Development */,
				240762250A5E174E00F80F90 /* Deployment */,
			);
			hasScannedForEncodings = 1;
			mainGroup = 1492D16C01E53C3C02CA2A87;
			productRefGroup = 1492D16F01E53C9002CA2A87 /* Products */;
			projectDirPath = "";
			targets = (
				0CAE8F3309A550DE00BE130B /* all */,
				0CAE8F4609A550DE00BE130B /* kextcache */,
				0CAE8F5A09A550DE00BE130B /* kextd */,
				0CAE8F7509A550DE00BE130B /* kextload */,
				0CAE8F8509A550DE00BE130B /* kextstat */,
				0CAE8F9309A550DE00BE130B /* kextunload */,
				0CAE8FA309A550DE00BE130B /* mkextunpack */,
				0CAE8FB309A550DE00BE130B /* kextsymboltool */,
			);
		};
/* End PBXProject section */

/* Begin PBXRezBuildPhase section */
		0CAE8F5109A550DE00BE130B /* Rez */ = {
			isa = PBXRezBuildPhase;
			buildActionMask = 2147483647;
			files = (
			);
			runOnlyForDeploymentPostprocessing = 0;
		};
		0CAE8F6C09A550DE00BE130B /* Rez */ = {
			isa = PBXRezBuildPhase;
			buildActionMask = 2147483647;
			files = (
			);
			runOnlyForDeploymentPostprocessing = 0;
		};
		0CAE8F7C09A550DE00BE130B /* Rez */ = {
			isa = PBXRezBuildPhase;
			buildActionMask = 2147483647;
			files = (
			);
			runOnlyForDeploymentPostprocessing = 0;
		};
		0CAE8F8A09A550DE00BE130B /* Rez */ = {
			isa = PBXRezBuildPhase;
			buildActionMask = 2147483647;
			files = (
			);
			runOnlyForDeploymentPostprocessing = 0;
		};
		0CAE8F9A09A550DE00BE130B /* Rez */ = {
			isa = PBXRezBuildPhase;
			buildActionMask = 2147483647;
			files = (
			);
			runOnlyForDeploymentPostprocessing = 0;
		};
		0CAE8FAA09A550DE00BE130B /* Rez */ = {
			isa = PBXRezBuildPhase;
			buildActionMask = 2147483647;
			files = (
			);
			runOnlyForDeploymentPostprocessing = 0;
		};
		0CAE8FB809A550DE00BE130B /* Rez */ = {
			isa = PBXRezBuildPhase;
			buildActionMask = 2147483647;
			files = (
			);
			runOnlyForDeploymentPostprocessing = 0;
		};
/* End PBXRezBuildPhase section */

/* Begin PBXShellScriptBuildPhase section */
		054CDB300A1E79FA00374278 /* ShellScript */ = {
			isa = PBXShellScriptBuildPhase;
			buildActionMask = 8;
			files = (
			);
			inputPaths = (
			);
			outputPaths = (
			);
			runOnlyForDeploymentPostprocessing = 1;
			shellPath = /bin/sh;
			shellScript = "CACHES_DIR=$DSTROOT/System/Library/Caches\n\n/bin/echo \"Making system caches directory, ${CACHES_DIR}\"\n/bin/mkdir -p \"${CACHES_DIR}\"\n\n/bin/echo \"Setting owner and permissions on system caches directory\"\n/usr/sbin/bin/chown root:wheel \"${CACHES_DIR}\"\n/bin/chmod 0744 \"${CACHES_DIR}\"\n";
		};
/* End PBXShellScriptBuildPhase section */

/* Begin PBXSourcesBuildPhase section */
		0CAE8F4809A550DE00BE130B /* Sources */ = {
			isa = PBXSourcesBuildPhase;
			buildActionMask = 2147483647;
			files = (
				0CAE8F4909A550DE00BE130B /* kextcache_main.c in Sources */,
				0CAE8F4A09A550DE00BE130B /* compression.c in Sources */,
				0CAE8F4B09A550DE00BE130B /* arch.c in Sources */,
				0CAE8F4C09A550DE00BE130B /* mkext_file.c in Sources */,
				0CAE8F4D09A550DE00BE130B /* prelink.c in Sources */,
				0C78911109F71DC90016433F /* bootroot.c in Sources */,
				0C7891DE0A0083720016433F /* fat_util.c in Sources */,
				0C7891E60A0083BE0016433F /* macho_util.c in Sources */,
				0C7891EC0A009D6C0016433F /* logging.c in Sources */,
				0C8A3EEB0A38E3D800D5CA1C /* update_boot.c in Sources */,
				0C8A3F010A438AAF00D5CA1C /* safecalls.c in Sources */,
			);
			runOnlyForDeploymentPostprocessing = 0;
		};
		0CAE8F6209A550DE00BE130B /* Sources */ = {
			isa = PBXSourcesBuildPhase;
			buildActionMask = 2147483647;
			files = (
				0CAE8F6309A550DE00BE130B /* kextd_main.c in Sources */,
				0CAE8F6509A550DE00BE130B /* mig_server.c in Sources */,
				0CAE8F6609A550DE00BE130B /* PTLock.c in Sources */,
				0CAE8F6709A550DE00BE130B /* request.c in Sources */,
				0CAE8F6809A550DE00BE130B /* kextmanager.defs in Sources */,
				0CFA03A509BFBDCB00823D39 /* watchvol.c in Sources */,
				0C2FC0C909D36EDE00EFA15B /* bootroot.c in Sources */,
				05B20C4809D37D4E006C22E3 /* fat_util.c in Sources */,
				05B20C4D09D37D5B006C22E3 /* macho_util.c in Sources */,
				05B20C4F09D37D5B006C22E3 /* mkext_util.c in Sources */,
				0C78911909F71EFC0016433F /* logging.c in Sources */,
				0C8A3F030A438AAF00D5CA1C /* safecalls.c in Sources */,
			);
			runOnlyForDeploymentPostprocessing = 0;
		};
		0CAE8F7709A550DE00BE130B /* Sources */ = {
			isa = PBXSourcesBuildPhase;
			buildActionMask = 2147483647;
			files = (
				0CAE8F7809A550DE00BE130B /* kextload_main.c in Sources */,
			);
			runOnlyForDeploymentPostprocessing = 0;
		};
		0CAE8F8709A550DE00BE130B /* Sources */ = {
			isa = PBXSourcesBuildPhase;
			buildActionMask = 2147483647;
			files = (
				0CAE8F8809A550DE00BE130B /* kextstat_main.c in Sources */,
			);
			runOnlyForDeploymentPostprocessing = 0;
		};
		0CAE8F9509A550DE00BE130B /* Sources */ = {
			isa = PBXSourcesBuildPhase;
			buildActionMask = 2147483647;
			files = (
				0CAE8F9609A550DE00BE130B /* kextunload_main.c in Sources */,
			);
			runOnlyForDeploymentPostprocessing = 0;
		};
		0CAE8FA509A550DE00BE130B /* Sources */ = {
			isa = PBXSourcesBuildPhase;
			buildActionMask = 2147483647;
			files = (
				0CAE8FA609A550DE00BE130B /* mkextunpack_main.c in Sources */,
				0CAE8FA709A550DE00BE130B /* compression.c in Sources */,
			);
			runOnlyForDeploymentPostprocessing = 0;
		};
		0CAE8FB509A550DE00BE130B /* Sources */ = {
			isa = PBXSourcesBuildPhase;
			buildActionMask = 2147483647;
			files = (
				0CAE8FB609A550DE00BE130B /* kextsymboltool.c in Sources */,
			);
			runOnlyForDeploymentPostprocessing = 0;
		};
/* End PBXSourcesBuildPhase section */

/* Begin PBXTargetDependency section */
		0CAE8FC009A550DE00BE130B /* PBXTargetDependency */ = {
			isa = PBXTargetDependency;
			target = 0CAE8F4609A550DE00BE130B /* kextcache */;
			targetProxy = 0CAE8FBF09A550DE00BE130B /* PBXContainerItemProxy */;
		};
		0CAE8FC209A550DE00BE130B /* PBXTargetDependency */ = {
			isa = PBXTargetDependency;
			target = 0CAE8F5A09A550DE00BE130B /* kextd */;
			targetProxy = 0CAE8FC109A550DE00BE130B /* PBXContainerItemProxy */;
		};
		0CAE8FC409A550DE00BE130B /* PBXTargetDependency */ = {
			isa = PBXTargetDependency;
			target = 0CAE8F7509A550DE00BE130B /* kextload */;
			targetProxy = 0CAE8FC309A550DE00BE130B /* PBXContainerItemProxy */;
		};
		0CAE8FC609A550DE00BE130B /* PBXTargetDependency */ = {
			isa = PBXTargetDependency;
			target = 0CAE8F8509A550DE00BE130B /* kextstat */;
			targetProxy = 0CAE8FC509A550DE00BE130B /* PBXContainerItemProxy */;
		};
		0CAE8FC809A550DE00BE130B /* PBXTargetDependency */ = {
			isa = PBXTargetDependency;
			target = 0CAE8F9309A550DE00BE130B /* kextunload */;
			targetProxy = 0CAE8FC709A550DE00BE130B /* PBXContainerItemProxy */;
		};
		0CAE8FCA09A550DE00BE130B /* PBXTargetDependency */ = {
			isa = PBXTargetDependency;
			target = 0CAE8FA309A550DE00BE130B /* mkextunpack */;
			targetProxy = 0CAE8FC909A550DE00BE130B /* PBXContainerItemProxy */;
		};
		0CAE8FCC09A550DE00BE130B /* PBXTargetDependency */ = {
			isa = PBXTargetDependency;
			target = 0CAE8FB309A550DE00BE130B /* kextsymboltool */;
			targetProxy = 0CAE8FCB09A550DE00BE130B /* PBXContainerItemProxy */;
		};
/* End PBXTargetDependency section */

/* Begin XCBuildConfiguration section */
		0CAE8F4309A550DE00BE130B /* Development */ = {
			isa = XCBuildConfiguration;
			buildSettings = {
				COPY_PHASE_STRIP = NO;
				GCC_DYNAMIC_NO_PIC = NO;
				GCC_ENABLE_FIX_AND_CONTINUE = YES;
				GCC_GENERATE_DEBUGGING_SYMBOLS = YES;
				GCC_OPTIMIZATION_LEVEL = 0;
				OTHER_CFLAGS = "";
				OTHER_LDFLAGS = "";
				OTHER_REZFLAGS = "";
				PRODUCT_NAME = all;
				SECTORDER_FLAGS = "";
				WARNING_CFLAGS = (
					"-Wmost",
					"-Wno-four-char-constants",
					"-Wno-unknown-pragmas",
				);
				ZERO_LINK = YES;
			};
			name = Development;
		};
		0CAE8F4409A550DE00BE130B /* Deployment */ = {
			isa = XCBuildConfiguration;
			buildSettings = {
				COPY_PHASE_STRIP = YES;
				GCC_ENABLE_FIX_AND_CONTINUE = NO;
				OTHER_CFLAGS = "";
				OTHER_LDFLAGS = "";
				OTHER_REZFLAGS = "";
				PRODUCT_NAME = all;
				SECTORDER_FLAGS = "";
				WARNING_CFLAGS = (
					"-Wmost",
					"-Wno-four-char-constants",
					"-Wno-unknown-pragmas",
				);
				ZERO_LINK = NO;
			};
			name = Deployment;
		};
		0CAE8F4509A550DE00BE130B /* Default */ = {
			isa = XCBuildConfiguration;
			buildSettings = {
				OTHER_CFLAGS = "";
				OTHER_LDFLAGS = "";
				OTHER_REZFLAGS = "";
				PRODUCT_NAME = all;
				SECTORDER_FLAGS = "";
				WARNING_CFLAGS = (
					"-Wmost",
					"-Wno-four-char-constants",
					"-Wno-unknown-pragmas",
				);
			};
			name = Default;
		};
		0CAE8F5509A550DE00BE130B /* Development */ = {
			isa = XCBuildConfiguration;
			buildSettings = {
				COPY_PHASE_STRIP = NO;
				GCC_DYNAMIC_NO_PIC = NO;
				GCC_ENABLE_FIX_AND_CONTINUE = YES;
				GCC_GENERATE_DEBUGGING_SYMBOLS = YES;
				GCC_OPTIMIZATION_LEVEL = 0;
				INSTALL_PATH = /usr/sbin;
				OTHER_CFLAGS = "";
				OTHER_LDFLAGS = "";
				OTHER_REZFLAGS = "";
				PRODUCT_NAME = kextcache;
				REZ_EXECUTABLE = YES;
				SECTORDER_FLAGS = "";
				WARNING_CFLAGS = (
					"-Wmost",
					"-Wno-four-char-constants",
					"-Wno-unknown-pragmas",
				);
				ZERO_LINK = NO;
			};
			name = Development;
		};
		0CAE8F5609A550DE00BE130B /* Deployment */ = {
			isa = XCBuildConfiguration;
			buildSettings = {
				COPY_PHASE_STRIP = YES;
				GCC_ENABLE_FIX_AND_CONTINUE = NO;
				INSTALL_PATH = /usr/sbin;
				OTHER_CFLAGS = "";
				OTHER_LDFLAGS = "";
				OTHER_REZFLAGS = "";
				PRODUCT_NAME = kextcache;
				REZ_EXECUTABLE = YES;
				SECTORDER_FLAGS = "";
				WARNING_CFLAGS = (
					"-Wmost",
					"-Wno-four-char-constants",
					"-Wno-unknown-pragmas",
				);
				ZERO_LINK = NO;
			};
			name = Deployment;
		};
		0CAE8F5709A550DE00BE130B /* Default */ = {
			isa = XCBuildConfiguration;
			buildSettings = {
				INSTALL_PATH = /usr/sbin;
				OTHER_CFLAGS = "";
				OTHER_LDFLAGS = "";
				OTHER_REZFLAGS = "";
				PRODUCT_NAME = kextcache;
				REZ_EXECUTABLE = YES;
				SECTORDER_FLAGS = "";
				WARNING_CFLAGS = (
					"-Wmost",
					"-Wno-four-char-constants",
					"-Wno-unknown-pragmas",
				);
			};
			name = Default;
		};
		0CAE8F7009A550DE00BE130B /* Development */ = {
			isa = XCBuildConfiguration;
			buildSettings = {
				COPY_PHASE_STRIP = NO;
				GCC_DYNAMIC_NO_PIC = NO;
				GCC_ENABLE_FIX_AND_CONTINUE = YES;
				GCC_GENERATE_DEBUGGING_SYMBOLS = YES;
				GCC_OPTIMIZATION_LEVEL = 0;
				INSTALL_PATH = /usr/libexec;
				OTHER_CFLAGS = "";
				OTHER_LDFLAGS = "";
				OTHER_REZFLAGS = "";
				PRODUCT_NAME = kextd;
				REZ_EXECUTABLE = YES;
				SECTORDER_FLAGS = "";
				WARNING_CFLAGS = (
					"-Wmost",
					"-Wno-four-char-constants",
					"-Wno-unknown-pragmas",
				);
				ZERO_LINK = NO;
			};
			name = Development;
		};
		0CAE8F7109A550DE00BE130B /* Deployment */ = {
			isa = XCBuildConfiguration;
			buildSettings = {
				COPY_PHASE_STRIP = YES;
				GCC_ENABLE_FIX_AND_CONTINUE = NO;
				GCC_OPTIMIZATION_LEVEL = s;
				INSTALL_PATH = /usr/libexec;
				OTHER_CFLAGS = "";
				OTHER_LDFLAGS = "";
				OTHER_REZFLAGS = "";
				PRODUCT_NAME = kextd;
				REZ_EXECUTABLE = YES;
				SECTORDER_FLAGS = "";
				WARNING_CFLAGS = (
					"-Wmost",
					"-Wno-four-char-constants",
					"-Wno-unknown-pragmas",
				);
				ZERO_LINK = NO;
			};
			name = Deployment;
		};
		0CAE8F7209A550DE00BE130B /* Default */ = {
			isa = XCBuildConfiguration;
			buildSettings = {
				GCC_OPTIMIZATION_LEVEL = s;
				INSTALL_PATH = /usr/libexec;
				OTHER_CFLAGS = "";
				OTHER_LDFLAGS = "";
				OTHER_REZFLAGS = "";
				PRODUCT_NAME = kextd;
				REZ_EXECUTABLE = YES;
				SECTORDER_FLAGS = "";
				WARNING_CFLAGS = (
					"-Wmost",
					"-Wno-four-char-constants",
					"-Wno-unknown-pragmas",
				);
				ZERO_LINK = NO;
			};
			name = Default;
		};
		0CAE8F8009A550DE00BE130B /* Development */ = {
			isa = XCBuildConfiguration;
			buildSettings = {
				COPY_PHASE_STRIP = NO;
				GCC_DYNAMIC_NO_PIC = NO;
				GCC_ENABLE_FIX_AND_CONTINUE = YES;
				GCC_GENERATE_DEBUGGING_SYMBOLS = YES;
				GCC_OPTIMIZATION_LEVEL = 0;
				INSTALL_PATH = /sbin;
				OTHER_CFLAGS = "";
				OTHER_REZFLAGS = "";
				PRODUCT_NAME = kextload;
				REZ_EXECUTABLE = YES;
				SECTORDER_FLAGS = "";
				WARNING_CFLAGS = (
					"-Wmost",
					"-Wno-four-char-constants",
					"-Wno-unknown-pragmas",
				);
				ZERO_LINK = YES;
			};
			name = Development;
		};
		0CAE8F8109A550DE00BE130B /* Deployment */ = {
			isa = XCBuildConfiguration;
			buildSettings = {
				COPY_PHASE_STRIP = YES;
				GCC_ENABLE_FIX_AND_CONTINUE = NO;
				INSTALL_PATH = /sbin;
				OTHER_CFLAGS = "";
				OTHER_REZFLAGS = "";
				PRODUCT_NAME = kextload;
				REZ_EXECUTABLE = YES;
				SECTORDER_FLAGS = "";
				WARNING_CFLAGS = (
					"-Wmost",
					"-Wno-four-char-constants",
					"-Wno-unknown-pragmas",
				);
				ZERO_LINK = NO;
			};
			name = Deployment;
		};
		0CAE8F8209A550DE00BE130B /* Default */ = {
			isa = XCBuildConfiguration;
			buildSettings = {
				INSTALL_PATH = /sbin;
				OTHER_CFLAGS = "";
				OTHER_REZFLAGS = "";
				PRODUCT_NAME = kextload;
				REZ_EXECUTABLE = YES;
				SECTORDER_FLAGS = "";
				WARNING_CFLAGS = (
					"-Wmost",
					"-Wno-four-char-constants",
					"-Wno-unknown-pragmas",
				);
			};
			name = Default;
		};
		0CAE8F8E09A550DE00BE130B /* Development */ = {
			isa = XCBuildConfiguration;
			buildSettings = {
				COPY_PHASE_STRIP = NO;
				GCC_DYNAMIC_NO_PIC = NO;
				GCC_ENABLE_FIX_AND_CONTINUE = YES;
				GCC_GENERATE_DEBUGGING_SYMBOLS = YES;
				GCC_OPTIMIZATION_LEVEL = 0;
				INSTALL_PATH = /usr/sbin;
				OTHER_LDFLAGS = "";
				OTHER_REZFLAGS = "";
				PRODUCT_NAME = kextstat;
				REZ_EXECUTABLE = YES;
				SECTORDER_FLAGS = "";
				WARNING_CFLAGS = (
					"-Wmost",
					"-Wno-four-char-constants",
					"-Wno-unknown-pragmas",
				);
				ZERO_LINK = YES;
			};
			name = Development;
		};
		0CAE8F8F09A550DE00BE130B /* Deployment */ = {
			isa = XCBuildConfiguration;
			buildSettings = {
				COPY_PHASE_STRIP = YES;
				GCC_ENABLE_FIX_AND_CONTINUE = NO;
				GCC_OPTIMIZATION_LEVEL = s;
				INSTALL_PATH = /usr/sbin;
				OTHER_LDFLAGS = "";
				OTHER_REZFLAGS = "";
				PRODUCT_NAME = kextstat;
				REZ_EXECUTABLE = YES;
				SECTORDER_FLAGS = "";
				WARNING_CFLAGS = (
					"-Wmost",
					"-Wno-four-char-constants",
					"-Wno-unknown-pragmas",
				);
				ZERO_LINK = NO;
			};
			name = Deployment;
		};
		0CAE8F9009A550DE00BE130B /* Default */ = {
			isa = XCBuildConfiguration;
			buildSettings = {
				GCC_OPTIMIZATION_LEVEL = s;
				INSTALL_PATH = /usr/sbin;
				OTHER_LDFLAGS = "";
				OTHER_REZFLAGS = "";
				PRODUCT_NAME = kextstat;
				REZ_EXECUTABLE = YES;
				SECTORDER_FLAGS = "";
				WARNING_CFLAGS = (
					"-Wmost",
					"-Wno-four-char-constants",
					"-Wno-unknown-pragmas",
				);
			};
			name = Default;
		};
		0CAE8F9E09A550DE00BE130B /* Development */ = {
			isa = XCBuildConfiguration;
			buildSettings = {
				COPY_PHASE_STRIP = NO;
				GCC_DYNAMIC_NO_PIC = NO;
				GCC_ENABLE_FIX_AND_CONTINUE = YES;
				GCC_GENERATE_DEBUGGING_SYMBOLS = YES;
				GCC_OPTIMIZATION_LEVEL = 0;
				INSTALL_PATH = /sbin;
				OTHER_CFLAGS = "";
				OTHER_LDFLAGS = "";
				OTHER_REZFLAGS = "";
				PRODUCT_NAME = kextunload;
				REZ_EXECUTABLE = YES;
				SECTORDER_FLAGS = "";
				WARNING_CFLAGS = (
					"-Wmost",
					"-Wno-four-char-constants",
					"-Wno-unknown-pragmas",
				);
				ZERO_LINK = YES;
			};
			name = Development;
		};
		0CAE8F9F09A550DE00BE130B /* Deployment */ = {
			isa = XCBuildConfiguration;
			buildSettings = {
				COPY_PHASE_STRIP = YES;
				GCC_ENABLE_FIX_AND_CONTINUE = NO;
				GCC_OPTIMIZATION_LEVEL = s;
				INSTALL_PATH = /sbin;
				OTHER_CFLAGS = "";
				OTHER_LDFLAGS = "";
				OTHER_REZFLAGS = "";
				PRODUCT_NAME = kextunload;
				REZ_EXECUTABLE = YES;
				SECTORDER_FLAGS = "";
				WARNING_CFLAGS = (
					"-Wmost",
					"-Wno-four-char-constants",
					"-Wno-unknown-pragmas",
				);
				ZERO_LINK = NO;
			};
			name = Deployment;
		};
		0CAE8FA009A550DE00BE130B /* Default */ = {
			isa = XCBuildConfiguration;
			buildSettings = {
				GCC_OPTIMIZATION_LEVEL = s;
				INSTALL_PATH = /sbin;
				OTHER_CFLAGS = "";
				OTHER_LDFLAGS = "";
				OTHER_REZFLAGS = "";
				PRODUCT_NAME = kextunload;
				REZ_EXECUTABLE = YES;
				SECTORDER_FLAGS = "";
				WARNING_CFLAGS = (
					"-Wmost",
					"-Wno-four-char-constants",
					"-Wno-unknown-pragmas",
				);
			};
			name = Default;
		};
		0CAE8FAE09A550DE00BE130B /* Development */ = {
			isa = XCBuildConfiguration;
			buildSettings = {
				COPY_PHASE_STRIP = NO;
				GCC_DYNAMIC_NO_PIC = NO;
				GCC_ENABLE_FIX_AND_CONTINUE = YES;
				GCC_GENERATE_DEBUGGING_SYMBOLS = YES;
				GCC_OPTIMIZATION_LEVEL = 0;
				INSTALL_PATH = /usr/sbin;
				OTHER_CFLAGS = "";
				OTHER_LDFLAGS = "";
				OTHER_REZFLAGS = "";
				PRODUCT_NAME = mkextunpack;
				REZ_EXECUTABLE = YES;
				SECTORDER_FLAGS = "";
				WARNING_CFLAGS = (
					"-Wmost",
					"-Wno-four-char-constants",
					"-Wno-unknown-pragmas",
				);
				ZERO_LINK = YES;
			};
			name = Development;
		};
		0CAE8FAF09A550DE00BE130B /* Deployment */ = {
			isa = XCBuildConfiguration;
			buildSettings = {
				COPY_PHASE_STRIP = YES;
				GCC_ENABLE_FIX_AND_CONTINUE = NO;
				GCC_OPTIMIZATION_LEVEL = s;
				INSTALL_PATH = /usr/sbin;
				OTHER_CFLAGS = "";
				OTHER_LDFLAGS = "";
				OTHER_REZFLAGS = "";
				PRODUCT_NAME = mkextunpack;
				REZ_EXECUTABLE = YES;
				SECTORDER_FLAGS = "";
				WARNING_CFLAGS = (
					"-Wmost",
					"-Wno-four-char-constants",
					"-Wno-unknown-pragmas",
				);
				ZERO_LINK = NO;
			};
			name = Deployment;
		};
		0CAE8FB009A550DE00BE130B /* Default */ = {
			isa = XCBuildConfiguration;
			buildSettings = {
				GCC_OPTIMIZATION_LEVEL = s;
				INSTALL_PATH = /usr/sbin;
				OTHER_CFLAGS = "";
				OTHER_LDFLAGS = "";
				OTHER_REZFLAGS = "";
				PRODUCT_NAME = mkextunpack;
				REZ_EXECUTABLE = YES;
				SECTORDER_FLAGS = "";
				WARNING_CFLAGS = (
					"-Wmost",
					"-Wno-four-char-constants",
					"-Wno-unknown-pragmas",
				);
			};
			name = Default;
		};
		0CAE8FBA09A550DE00BE130B /* Development */ = {
			isa = XCBuildConfiguration;
			buildSettings = {
				COPY_PHASE_STRIP = NO;
				GCC_DYNAMIC_NO_PIC = NO;
				GCC_ENABLE_FIX_AND_CONTINUE = YES;
				GCC_GENERATE_DEBUGGING_SYMBOLS = YES;
				GCC_OPTIMIZATION_LEVEL = 0;
				INSTALL_PATH = /usr/local/bin;
				OTHER_CFLAGS = "";
				OTHER_LDFLAGS = "";
				OTHER_REZFLAGS = "";
				PRODUCT_NAME = kextsymboltool;
				REZ_EXECUTABLE = YES;
				SECTORDER_FLAGS = "";
				WARNING_CFLAGS = (
					"-Wmost",
					"-Wno-four-char-constants",
					"-Wno-unknown-pragmas",
				);
				ZERO_LINK = YES;
			};
			name = Development;
		};
		0CAE8FBB09A550DE00BE130B /* Deployment */ = {
			isa = XCBuildConfiguration;
			buildSettings = {
				COPY_PHASE_STRIP = YES;
				GCC_ENABLE_FIX_AND_CONTINUE = NO;
				INSTALL_PATH = /usr/local/bin;
				OTHER_CFLAGS = "";
				OTHER_LDFLAGS = "";
				OTHER_REZFLAGS = "";
				PRODUCT_NAME = kextsymboltool;
				REZ_EXECUTABLE = YES;
				SECTORDER_FLAGS = "";
				WARNING_CFLAGS = (
					"-Wmost",
					"-Wno-four-char-constants",
					"-Wno-unknown-pragmas",
				);
				ZERO_LINK = NO;
			};
			name = Deployment;
		};
		0CAE8FBC09A550DE00BE130B /* Default */ = {
			isa = XCBuildConfiguration;
			buildSettings = {
				INSTALL_PATH = /usr/local/bin;
				OTHER_CFLAGS = "";
				OTHER_LDFLAGS = "";
				OTHER_REZFLAGS = "";
				PRODUCT_NAME = kextsymboltool;
				REZ_EXECUTABLE = YES;
				SECTORDER_FLAGS = "";
				WARNING_CFLAGS = (
					"-Wmost",
					"-Wno-four-char-constants",
					"-Wno-unknown-pragmas",
				);
			};
			name = Default;
		};
		0CE37C8009A54C2100C82CF2 /* Development */ = {
			isa = XCBuildConfiguration;
			buildSettings = {
				GCC_OPTIMIZATION_LEVEL = 0;
				PRIVATE_HEADERS_FOLDER_PATH = /usr/local/include;
				STRIP_INSTALLED_PRODUCT = YES;
			};
			name = Development;
		};
		0CE37C8109A54C2100C82CF2 /* Deployment */ = {
			isa = XCBuildConfiguration;
			buildSettings = {
				PRIVATE_HEADERS_FOLDER_PATH = /usr/local/include;
			};
			name = Deployment;
		};
		0CE37C8209A54C2100C82CF2 /* Default */ = {
			isa = XCBuildConfiguration;
			buildSettings = {
				PRIVATE_HEADERS_FOLDER_PATH = /usr/local/include;
			};
			name = Default;
		};
/* End XCBuildConfiguration section */

/* Begin XCConfigurationList section */
		0CAE8F4209A550DE00BE130B /* Build configuration list for PBXAggregateTarget "all" */ = {
			isa = XCConfigurationList;
			buildConfigurations = (
				0CAE8F4309A550DE00BE130B /* Development */,
				0CAE8F4409A550DE00BE130B /* Deployment */,
				0CAE8F4509A550DE00BE130B /* Default */,
			);
			defaultConfigurationIsVisible = 0;
			defaultConfigurationName = Default;
		};
		0CAE8F5409A550DE00BE130B /* Build configuration list for PBXNativeTarget "kextcache" */ = {
			isa = XCConfigurationList;
			buildConfigurations = (
				0CAE8F5509A550DE00BE130B /* Development */,
				0CAE8F5609A550DE00BE130B /* Deployment */,
				0CAE8F5709A550DE00BE130B /* Default */,
			);
			defaultConfigurationIsVisible = 0;
			defaultConfigurationName = Default;
		};
		0CAE8F6F09A550DE00BE130B /* Build configuration list for PBXNativeTarget "kextd" */ = {
			isa = XCConfigurationList;
			buildConfigurations = (
				0CAE8F7009A550DE00BE130B /* Development */,
				0CAE8F7109A550DE00BE130B /* Deployment */,
				0CAE8F7209A550DE00BE130B /* Default */,
			);
			defaultConfigurationIsVisible = 0;
			defaultConfigurationName = Default;
		};
		0CAE8F7F09A550DE00BE130B /* Build configuration list for PBXNativeTarget "kextload" */ = {
			isa = XCConfigurationList;
			buildConfigurations = (
				0CAE8F8009A550DE00BE130B /* Development */,
				0CAE8F8109A550DE00BE130B /* Deployment */,
				0CAE8F8209A550DE00BE130B /* Default */,
			);
			defaultConfigurationIsVisible = 0;
			defaultConfigurationName = Default;
		};
		0CAE8F8D09A550DE00BE130B /* Build configuration list for PBXNativeTarget "kextstat" */ = {
			isa = XCConfigurationList;
			buildConfigurations = (
				0CAE8F8E09A550DE00BE130B /* Development */,
				0CAE8F8F09A550DE00BE130B /* Deployment */,
				0CAE8F9009A550DE00BE130B /* Default */,
			);
			defaultConfigurationIsVisible = 0;
			defaultConfigurationName = Default;
		};
		0CAE8F9D09A550DE00BE130B /* Build configuration list for PBXNativeTarget "kextunload" */ = {
			isa = XCConfigurationList;
			buildConfigurations = (
				0CAE8F9E09A550DE00BE130B /* Development */,
				0CAE8F9F09A550DE00BE130B /* Deployment */,
				0CAE8FA009A550DE00BE130B /* Default */,
			);
			defaultConfigurationIsVisible = 0;
			defaultConfigurationName = Default;
		};
		0CAE8FAD09A550DE00BE130B /* Build configuration list for PBXNativeTarget "mkextunpack" */ = {
			isa = XCConfigurationList;
			buildConfigurations = (
				0CAE8FAE09A550DE00BE130B /* Development */,
				0CAE8FAF09A550DE00BE130B /* Deployment */,
				0CAE8FB009A550DE00BE130B /* Default */,
			);
			defaultConfigurationIsVisible = 0;
			defaultConfigurationName = Default;
		};
		0CAE8FB909A550DE00BE130B /* Build configuration list for PBXNativeTarget "kextsymboltool" */ = {
			isa = XCConfigurationList;
			buildConfigurations = (
				0CAE8FBA09A550DE00BE130B /* Development */,
				0CAE8FBB09A550DE00BE130B /* Deployment */,
				0CAE8FBC09A550DE00BE130B /* Default */,
			);
			defaultConfigurationIsVisible = 0;
			defaultConfigurationName = Default;
		};
		0CE37C7F09A54C2100C82CF2 /* Build configuration list for PBXProject "kext_tools" */ = {
			isa = XCConfigurationList;
			buildConfigurations = (
				0CE37C8009A54C2100C82CF2 /* Development */,
				0CE37C8109A54C2100C82CF2 /* Deployment */,
				0CE37C8209A54C2100C82CF2 /* Default */,
			);
			defaultConfigurationIsVisible = 0;
			defaultConfigurationName = Default;
		};
/* End XCConfigurationList section */
	};
	rootObject = 1492D16B01E53C3C02CA2A87 /* Project object */;
}
